
Microsoft Visual Studio Solution File, Format Version 12.00
# Visual Studio Version 17
VisualStudioVersion = 17.1.32414.318
MinimumVisualStudioVersion = 10.0.40219.1
Project("{9A19103F-16F7-4668-BE54-9A1E7A4F7556}") = "AutomationTest", "AutomationTest\AutomationTest.csproj", "{E63BE35D-65CC-4112-9D85-DCA355CA32FC}"
EndProject
Project("{FAE04EC0-301F-11D3-BF4B-00C04F79EFBC}") = "SpecFlowProjectTesting", "SpecFlowProjectTesting\SpecFlowProjectTesting.csproj", "{820D161F-8287-4558-8EA1-68FA117A90D2}"
EndProject
Global
	GlobalSection(SolutionConfigurationPlatforms) = preSolution
		Debug|Any CPU = Debug|Any CPU
		Release|Any CPU = Release|Any CPU
	EndGlobalSection
	GlobalSection(ProjectConfigurationPlatforms) = postSolution
		{E63BE35D-65CC-4112-9D85-DCA355CA32FC}.Debug|Any CPU.ActiveCfg = Debug|Any CPU
		{E63BE35D-65CC-4112-9D85-DCA355CA32FC}.Debug|Any CPU.Build.0 = Debug|Any CPU
		{E63BE35D-65CC-4112-9D85-DCA355CA32FC}.Release|Any CPU.ActiveCfg = Release|Any CPU
		{E63BE35D-65CC-4112-9D85-DCA355CA32FC}.Release|Any CPU.Build.0 = Release|Any CPU
		{820D161F-8287-4558-8EA1-68FA117A90D2}.Debug|Any CPU.ActiveCfg = Debug|Any CPU
		{820D161F-8287-4558-8EA1-68FA117A90D2}.Debug|Any CPU.Build.0 = Debug|Any CPU
		{820D161F-8287-4558-8EA1-68FA117A90D2}.Release|Any CPU.ActiveCfg = Release|Any CPU
		{820D161F-8287-4558-8EA1-68FA117A90D2}.Release|Any CPU.Build.0 = Release|Any CPU
	EndGlobalSection
	GlobalSection(SolutionProperties) = preSolution
		HideSolutionNode = FALSE
	EndGlobalSection
	GlobalSection(ExtensibilityGlobals) = postSolution
		SolutionGuid = {62BB90E9-6336-4E01-BEFF-1FC6FAD8D1F5}
	EndGlobalSection
EndGlobal
